Microsoft Visual Studio Solution File, Format Version 11.00
# Visual Studio 2008

Project("{D8BAFD83-2E2B-0BF6-23C1-DC505A1E9BCA}") = "Nocturne-GGJ2017", "Assembly-CSharp-firstpass.csproj", "{3651D366-0AD2-293A-5ED8-B7D37C45F024}"
EndProject
Project("{D8BAFD83-2E2B-0BF6-23C1-DC505A1E9BCA}") = "Nocturne-GGJ2017", "Assembly-CSharp.csproj", "{A079E6B9-7750-CDC8-FD6F-4E15B3EC4CAD}"
EndProject
Project("{D8BAFD83-2E2B-0BF6-23C1-DC505A1E9BCA}") = "Nocturne-GGJ2017", "Assembly-CSharp-Editor.csproj", "{F689C161-E56D-2A93-7C52-D566823F1356}"
EndProject
Global
	GlobalSection(SolutionConfigurationPlatforms) = preSolution
		Debug|Any CPU = Debug|Any CPU
		Release|Any CPU = Release|Any CPU
	EndGlobalSection
	GlobalSection(ProjectConfigurationPlatforms) = postSolution
		{3651D366-0AD2-293A-5ED8-B7D37C45F024}.Debug|Any CPU.ActiveCfg = Debug|Any CPU
		{3651D366-0AD2-293A-5ED8-B7D37C45F024}.Debug|Any CPU.Build.0 = Debug|Any CPU
		{3651D366-0AD2-293A-5ED8-B7D37C45F024}.Release|Any CPU.ActiveCfg = Release|Any CPU
		{3651D366-0AD2-293A-5ED8-B7D37C45F024}.Release|Any CPU.Build.0 = Release|Any CPU
		{A079E6B9-7750-CDC8-FD6F-4E15B3EC4CAD}.Debug|Any CPU.ActiveCfg = Debug|Any CPU
		{A079E6B9-7750-CDC8-FD6F-4E15B3EC4CAD}.Debug|Any CPU.Build.0 = Debug|Any CPU
		{A079E6B9-7750-CDC8-FD6F-4E15B3EC4CAD}.Release|Any CPU.ActiveCfg = Release|Any CPU
		{A079E6B9-7750-CDC8-FD6F-4E15B3EC4CAD}.Release|Any CPU.Build.0 = Release|Any CPU
		{F689C161-E56D-2A93-7C52-D566823F1356}.Debug|Any CPU.ActiveCfg = Debug|Any CPU
		{F689C161-E56D-2A93-7C52-D566823F1356}.Debug|Any CPU.Build.0 = Debug|Any CPU
		{F689C161-E56D-2A93-7C52-D566823F1356}.Release|Any CPU.ActiveCfg = Release|Any CPU
		{F689C161-E56D-2A93-7C52-D566823F1356}.Release|Any CPU.Build.0 = Release|Any CPU
	EndGlobalSection
	GlobalSection(SolutionProperties) = preSolution
		HideSolutionNode = FALSE
	EndGlobalSection
	GlobalSection(MonoDevelopProperties) = preSolution
		StartupItem = Assembly-CSharp.csproj
	EndGlobalSection
EndGlobal
