
Microsoft Visual Studio Solution File, Format Version 12.00
# Visual Studio 2015
Project("{FAE04EC0-301F-11D3-BF4B-00C04F79EFBC}") = "Nocturne-GGJ2017.CSharp", "Nocturne-GGJ2017.CSharp.csproj", "{D49F5E3A-892E-B854-3E03-D504B04647B2}"
EndProject
Global
	GlobalSection(SolutionConfigurationPlatforms) = preSolution
		Debug|Any CPU = Debug|Any CPU
		Release|Any CPU = Release|Any CPU
	EndGlobalSection
	GlobalSection(ProjectConfigurationPlatforms) = postSolution
		{D49F5E3A-892E-B854-3E03-D504B04647B2}.Debug|Any CPU.ActiveCfg = Debug|Any CPU
		{D49F5E3A-892E-B854-3E03-D504B04647B2}.Debug|Any CPU.Build.0 = Debug|Any CPU
		{D49F5E3A-892E-B854-3E03-D504B04647B2}.Release|Any CPU.ActiveCfg = Release|Any CPU
		{D49F5E3A-892E-B854-3E03-D504B04647B2}.Release|Any CPU.Build.0 = Release|Any CPU
	EndGlobalSection
	GlobalSection(SolutionProperties) = preSolution
		HideSolutionNode = FALSE
	EndGlobalSection
EndGlobal
